<Solution>
  <Project Path="CampusEquipment.API/CampusEquipment.API.csproj" />
  <Project Path="CampusEquipment.Core/CampusEquipment.Core.csproj" />
  <Project Path="CampusEquipment.Infrastructure/CampusEquipment.Infrastructure.csproj" />
  <Project Path="CampusEquipment.Web/CampusEquipment.Web.csproj" />
</Solution>
